
Microsoft Visual Studio Solution File, Format Version 12.00
# Visual Studio Version 17
VisualStudioVersion = 17.5.33530.505
MinimumVisualStudioVersion = 10.0.40219.1
Project("{FAE04EC0-301F-11D3-BF4B-00C04F79EFBC}") = "Dependency_Inversion", "Dependency_Inversion.csproj", "{66FDEA3D-CD64-4A6A-A2E3-477AD73BF285}"
EndProject
Global
	GlobalSection(SolutionConfigurationPlatforms) = preSolution
		Debug|Any CPU = Debug|Any CPU
		Release|Any CPU = Release|Any CPU
	EndGlobalSection
	GlobalSection(ProjectConfigurationPlatforms) = postSolution
		{66FDEA3D-CD64-4A6A-A2E3-477AD73BF285}.Debug|Any CPU.ActiveCfg = Debug|Any CPU
		{66FDEA3D-CD64-4A6A-A2E3-477AD73BF285}.Debug|Any CPU.Build.0 = Debug|Any CPU
		{66FDEA3D-CD64-4A6A-A2E3-477AD73BF285}.Release|Any CPU.ActiveCfg = Release|Any CPU
		{66FDEA3D-CD64-4A6A-A2E3-477AD73BF285}.Release|Any CPU.Build.0 = Release|Any CPU
	EndGlobalSection
	GlobalSection(SolutionProperties) = preSolution
		HideSolutionNode = FALSE
	EndGlobalSection
	GlobalSection(ExtensibilityGlobals) = postSolution
		SolutionGuid = {052C666F-1984-43EB-9DE4-84F301CD0C99}
	EndGlobalSection
EndGlobal
